PODS:
  - AwaitKit (5.0.0):
    - PromiseKit (~> 6)
  - PromiseKit (6.4.0):
    - PromiseKit/CorePromise (= 6.4.0)
    - PromiseKit/Foundation (= 6.4.0)
    - PromiseKit/UIKit (= 6.4.0)
  - PromiseKit/CorePromise (6.4.0)
  - PromiseKit/Foundation (6.4.0):
    - PromiseKit/CorePromise
  - PromiseKit/UIKit (6.4.0):
    - PromiseKit/CorePromise

DEPENDENCIES:
  - AwaitKit

SPEC REPOS:
  https://github.com/cocoapods/specs.git:
    - AwaitKit
    - PromiseKit

SPEC CHECKSUMS:
  AwaitKit: d8a6e30eeb2da916630270b44636b31033388bd8
  PromiseKit: ae3616f45d7bb9bf4ff1e91abc9b7a8c48a340e0

PODFILE CHECKSUM: 8ea6e9e94b67920465599c09be4729da5efa0d11

COCOAPODS: 1.5.3
