PODS:
  - Fuzi (2.0.0)
  - PromiseKit (4.4.0):
    - PromiseKit/Foundation (= 4.4.0)
    - PromiseKit/QuartzCore (= 4.4.0)
    - PromiseKit/UIKit (= 4.4.0)
  - PromiseKit/CorePromise (4.4.0)
  - PromiseKit/Foundation (4.4.0):
    - PromiseKit/CorePromise
  - PromiseKit/QuartzCore (4.4.0):
    - PromiseKit/CorePromise
  - PromiseKit/UIKit (4.4.0):
    - PromiseKit/CorePromise

DEPENDENCIES:
  - Fuzi
  - PromiseKit

SPEC CHECKSUMS:
  Fuzi: 7df3118e601c33e9f9b609cb2fabde55506f964e
  PromiseKit: ecf5fe92275d57ee77c9ede858af47a162e9b97e

PODFILE CHECKSUM: 6dc964a9ab9777f008f5108f2a99f9759b02d2ff

COCOAPODS: 1.3.1
