// !$*UTF8*$!
{
	archiveVersion = 1;
	classes = {
	};
	objectVersion = 46;
	objects = {

/* Begin PBXBuildFile section */
		1BF50BBD1362FA85383CE68F /* Pods_DUTInformationToday.framework in Frameworks */ = {isa = PBXBuildFile; fileRef = E56B0E628D8B1E3594C810D2 /* Pods_DUTInformationToday.framework */; };
		26247C115375106E7529D9FE /* Pods_DUTInformationWatch_Extension.framework in Frameworks */ = {isa = PBXBuildFile; fileRef = 61A43D9B92752240C3323267 /* Pods_DUTInformationWatch_Extension.framework */; };
		B4173D721FE2642000B6E527 /* TabBarController.swift in Sources */ = {isa = PBXBuildFile; fileRef = B4173D711FE2642000B6E527 /* TabBarController.swift */; };
		B422360E20C010A300A6B615 /* TimeData.swift in Sources */ = {isa = PBXBuildFile; fileRef = B422360D20C010A300A6B615 /* TimeData.swift */; };
		B422360F20C010A300A6B615 /* TimeData.swift in Sources */ = {isa = PBXBuildFile; fileRef = B422360D20C010A300A6B615 /* TimeData.swift */; };
		B422361020C010A300A6B615 /* TimeData.swift in Sources */ = {isa = PBXBuildFile; fileRef = B422360D20C010A300A6B615 /* TimeData.swift */; };
		B422361220C0125700A6B615 /* JsonDataType.swift in Sources */ = {isa = PBXBuildFile; fileRef = B422361120C0125700A6B615 /* JsonDataType.swift */; };
		B422361320C0125700A6B615 /* JsonDataType.swift in Sources */ = {isa = PBXBuildFile; fileRef = B422361120C0125700A6B615 /* JsonDataType.swift */; };
		B422361420C0125700A6B615 /* JsonDataType.swift in Sources */ = {isa = PBXBuildFile; fileRef = B422361120C0125700A6B615 /* JsonDataType.swift */; };
		B422673F1F692DF500D161CD /* ScheduleViewController.swift in Sources */ = {isa = PBXBuildFile; fileRef = B422673E1F692DF500D161CD /* ScheduleViewController.swift */; };
		B42EEA9720C2C57C00C2208B /* Date+Extension.swift in Sources */ = {isa = PBXBuildFile; fileRef = B42EEA9620C2C57C00C2208B /* Date+Extension.swift */; };
		B42EEA9820C2C57C00C2208B /* Date+Extension.swift in Sources */ = {isa = PBXBuildFile; fileRef = B42EEA9620C2C57C00C2208B /* Date+Extension.swift */; };
		B42EEA9920C2C57C00C2208B /* Date+Extension.swift in Sources */ = {isa = PBXBuildFile; fileRef = B42EEA9620C2C57C00C2208B /* Date+Extension.swift */; };
		B445E96620C9017B00C1DD2E /* NotificationCenter+Extension.swift in Sources */ = {isa = PBXBuildFile; fileRef = B445E96520C9017B00C1DD2E /* NotificationCenter+Extension.swift */; };
		B445E96720C9017B00C1DD2E /* NotificationCenter+Extension.swift in Sources */ = {isa = PBXBuildFile; fileRef = B445E96520C9017B00C1DD2E /* NotificationCenter+Extension.swift */; };
		B445E96820C9017B00C1DD2E /* NotificationCenter+Extension.swift in Sources */ = {isa = PBXBuildFile; fileRef = B445E96520C9017B00C1DD2E /* NotificationCenter+Extension.swift */; };
		B4477E6E20C16639002ECC5E /* NetData.swift in Sources */ = {isa = PBXBuildFile; fileRef = B4477E6D20C16639002ECC5E /* NetData.swift */; };
		B4477E6F20C16639002ECC5E /* NetData.swift in Sources */ = {isa = PBXBuildFile; fileRef = B4477E6D20C16639002ECC5E /* NetData.swift */; };
		B4477E7020C16639002ECC5E /* NetData.swift in Sources */ = {isa = PBXBuildFile; fileRef = B4477E6D20C16639002ECC5E /* NetData.swift */; };
		B4477E7220C16939002ECC5E /* EcardData.swift in Sources */ = {isa = PBXBuildFile; fileRef = B4477E7120C16939002ECC5E /* EcardData.swift */; };
		B4477E7320C16939002ECC5E /* EcardData.swift in Sources */ = {isa = PBXBuildFile; fileRef = B4477E7120C16939002ECC5E /* EcardData.swift */; };
		B4477E7420C16939002ECC5E /* EcardData.swift in Sources */ = {isa = PBXBuildFile; fileRef = B4477E7120C16939002ECC5E /* EcardData.swift */; };
		B4477E7620C16B45002ECC5E /* NetRequest.swift in Sources */ = {isa = PBXBuildFile; fileRef = B4477E7520C16B45002ECC5E /* NetRequest.swift */; };
		B4477E7720C16B45002ECC5E /* NetRequest.swift in Sources */ = {isa = PBXBuildFile; fileRef = B4477E7520C16B45002ECC5E /* NetRequest.swift */; };
		B4477E7820C16B45002ECC5E /* NetRequest.swift in Sources */ = {isa = PBXBuildFile; fileRef = B4477E7520C16B45002ECC5E /* NetRequest.swift */; };
		B454BC43205E558A0073721F /* DataManager.swift in Sources */ = {isa = PBXBuildFile; fileRef = B454BC3F205E558A0073721F /* DataManager.swift */; };
		B454BC46205E558A0073721F /* UserInfo.swift in Sources */ = {isa = PBXBuildFile; fileRef = B454BC42205E558A0073721F /* UserInfo.swift */; };
		B454BC48205E559C0073721F /* DataManager.swift in Sources */ = {isa = PBXBuildFile; fileRef = B454BC3F205E558A0073721F /* DataManager.swift */; };
		B454BC49205E559D0073721F /* DataManager.swift in Sources */ = {isa = PBXBuildFile; fileRef = B454BC3F205E558A0073721F /* DataManager.swift */; };
		B454BC4A205E55A30073721F /* UserInfo.swift in Sources */ = {isa = PBXBuildFile; fileRef = B454BC42205E558A0073721F /* UserInfo.swift */; };
		B454BC4B205E55A40073721F /* UserInfo.swift in Sources */ = {isa = PBXBuildFile; fileRef = B454BC42205E558A0073721F /* UserInfo.swift */; };
		B487D3CD20CA54E700F9E4AA /* NSPersistentStoreCoordinator+Extension.swift in Sources */ = {isa = PBXBuildFile; fileRef = B487D3CC20CA54E700F9E4AA /* NSPersistentStoreCoordinator+Extension.swift */; };
		B487D3CE20CA54E700F9E4AA /* NSPersistentStoreCoordinator+Extension.swift in Sources */ = {isa = PBXBuildFile; fileRef = B487D3CC20CA54E700F9E4AA /* NSPersistentStoreCoordinator+Extension.swift */; };
		B487D3CF20CA54E700F9E4AA /* NSPersistentStoreCoordinator+Extension.swift in Sources */ = {isa = PBXBuildFile; fileRef = B487D3CC20CA54E700F9E4AA /* NSPersistentStoreCoordinator+Extension.swift */; };
		B48B031A207384D700215BB0 /* Course.xcdatamodeld in Sources */ = {isa = PBXBuildFile; fileRef = B48B0318207384D700215BB0 /* Course.xcdatamodeld */; };
		B493042B20C0FF900008ECEB /* TestData.swift in Sources */ = {isa = PBXBuildFile; fileRef = B493042A20C0FF900008ECEB /* TestData.swift */; };
		B493042C20C0FF900008ECEB /* TestData.swift in Sources */ = {isa = PBXBuildFile; fileRef = B493042A20C0FF900008ECEB /* TestData.swift */; };
		B493042D20C0FF900008ECEB /* TestData.swift in Sources */ = {isa = PBXBuildFile; fileRef = B493042A20C0FF900008ECEB /* TestData.swift */; };
		B49BAAFD1FE6454C00B396CD /* TeachWeekView.swift in Sources */ = {isa = PBXBuildFile; fileRef = B49BAAFC1FE6454C00B396CD /* TeachWeekView.swift */; };
		B4A137E71F62BD9200207CFF /* TodayViewController.swift in Sources */ = {isa = PBXBuildFile; fileRef = B4A137E61F62BD9200207CFF /* TodayViewController.swift */; };
		B4A2114D1FDFAD2C0055B611 /* WeekCell.swift in Sources */ = {isa = PBXBuildFile; fileRef = B4A2114C1FDFAD2C0055B611 /* WeekCell.swift */; };
		B4A2114F1FDFAD580055B611 /* CourseCell.swift in Sources */ = {isa = PBXBuildFile; fileRef = B4A2114E1FDFAD580055B611 /* CourseCell.swift */; };
		B4A211511FDFAD640055B611 /* CourseNumberCell.swift in Sources */ = {isa = PBXBuildFile; fileRef = B4A211501FDFAD640055B611 /* CourseNumberCell.swift */; };
		B4A772231FE7B05600B3F545 /* TestCell.swift in Sources */ = {isa = PBXBuildFile; fileRef = B4A772221FE7B05600B3F545 /* TestCell.swift */; };
		B4A772271FE7B1F900B3F545 /* TestViewDataSource.swift in Sources */ = {isa = PBXBuildFile; fileRef = B4A772261FE7B1F900B3F545 /* TestViewDataSource.swift */; };
		B4B2F7AA1FE774ED00B86075 /* ScheduleViewDataSource.swift in Sources */ = {isa = PBXBuildFile; fileRef = B4B2F7A91FE774ED00B86075 /* ScheduleViewDataSource.swift */; };
		B4B2F7AC1FE7878000B86075 /* TodayViewDataSource.swift in Sources */ = {isa = PBXBuildFile; fileRef = B4B2F7AB1FE7878000B86075 /* TodayViewDataSource.swift */; };
		B4B440D420B555030002CC69 /* CourseInterfaceController.swift in Sources */ = {isa = PBXBuildFile; fileRef = B4B440D320B555030002CC69 /* CourseInterfaceController.swift */; };
		B4B440D620B559510002CC69 /* TimeRow.swift in Sources */ = {isa = PBXBuildFile; fileRef = B4B440D520B559510002CC69 /* TimeRow.swift */; };
		B4B70E7F1F0A211800174471 /* AppDelegate.swift in Sources */ = {isa = PBXBuildFile; fileRef = B4B70E7E1F0A211800174471 /* AppDelegate.swift */; };
		B4B70E811F0A211800174471 /* CostViewController.swift in Sources */ = {isa = PBXBuildFile; fileRef = B4B70E801F0A211800174471 /* CostViewController.swift */; };
		B4B70E841F0A211800174471 /* Main.storyboard in Resources */ = {isa = PBXBuildFile; fileRef = B4B70E821F0A211800174471 /* Main.storyboard */; };
		B4B70E861F0A211800174471 /* Assets.xcassets in Resources */ = {isa = PBXBuildFile; fileRef = B4B70E851F0A211800174471 /* Assets.xcassets */; };
		B4B70E891F0A211800174471 /* LaunchScreen.storyboard in Resources */ = {isa = PBXBuildFile; fileRef = B4B70E871F0A211800174471 /* LaunchScreen.storyboard */; };
		B4BA90D2208F127300A4CA8E /* CourseData.swift in Sources */ = {isa = PBXBuildFile; fileRef = B4BA90D1208F127300A4CA8E /* CourseData.swift */; };
		B4BA90D3208F127300A4CA8E /* CourseData.swift in Sources */ = {isa = PBXBuildFile; fileRef = B4BA90D1208F127300A4CA8E /* CourseData.swift */; };
		B4BA90D4208F127300A4CA8E /* CourseData.swift in Sources */ = {isa = PBXBuildFile; fileRef = B4BA90D1208F127300A4CA8E /* CourseData.swift */; };
		B4BD1CD420511BDA00C18ACB /* Interface.storyboard in Resources */ = {isa = PBXBuildFile; fileRef = B4BD1CD220511BDA00C18ACB /* Interface.storyboard */; };
		B4BD1CD620511BDA00C18ACB /* Assets.xcassets in Resources */ = {isa = PBXBuildFile; fileRef = B4BD1CD520511BDA00C18ACB /* Assets.xcassets */; };
		B4BD1CDD20511BDA00C18ACB /* DUTInformationWatch Extension.appex in Embed App Extensions */ = {isa = PBXBuildFile; fileRef = B4BD1CDC20511BDA00C18ACB /* DUTInformationWatch Extension.appex */; settings = {ATTRIBUTES = (RemoveHeadersOnCopy, ); }; };
		B4BD1CE220511BDA00C18ACB /* MainInterfaceController.swift in Sources */ = {isa = PBXBuildFile; fileRef = B4BD1CE120511BDA00C18ACB /* MainInterfaceController.swift */; };
		B4BD1CE420511BDA00C18ACB /* ExtensionDelegate.swift in Sources */ = {isa = PBXBuildFile; fileRef = B4BD1CE320511BDA00C18ACB /* ExtensionDelegate.swift */; };
		B4BD1CE620511BDA00C18ACB /* ComplicationController.swift in Sources */ = {isa = PBXBuildFile; fileRef = B4BD1CE520511BDA00C18ACB /* ComplicationController.swift */; };
		B4BD1CE820511BDA00C18ACB /* Assets.xcassets in Resources */ = {isa = PBXBuildFile; fileRef = B4BD1CE720511BDA00C18ACB /* Assets.xcassets */; };
		B4BD1CEC20511BDB00C18ACB /* DUTInformationWatch.app in Embed Watch Content */ = {isa = PBXBuildFile; fileRef = B4BD1CD020511BDA00C18ACB /* DUTInformationWatch.app */; };
		B4BD1CF620511E1E00C18ACB /* CourseRow.swift in Sources */ = {isa = PBXBuildFile; fileRef = B4BD1CF520511E1E00C18ACB /* CourseRow.swift */; };
		B4BD1CF820511E2700C18ACB /* NetRow.swift in Sources */ = {isa = PBXBuildFile; fileRef = B4BD1CF720511E2700C18ACB /* NetRow.swift */; };
		B4BD1CFA20511E2D00C18ACB /* EcardRow.swift in Sources */ = {isa = PBXBuildFile; fileRef = B4BD1CF920511E2D00C18ACB /* EcardRow.swift */; };
		B4C5D852208E159300BF1589 /* ManagedObject.swift in Sources */ = {isa = PBXBuildFile; fileRef = B4C5D851208E159300BF1589 /* ManagedObject.swift */; };
		B4C5D853208E159300BF1589 /* ManagedObject.swift in Sources */ = {isa = PBXBuildFile; fileRef = B4C5D851208E159300BF1589 /* ManagedObject.swift */; };
		B4C5D854208E159300BF1589 /* ManagedObject.swift in Sources */ = {isa = PBXBuildFile; fileRef = B4C5D851208E159300BF1589 /* ManagedObject.swift */; };
		B4C8C29C208A13F800EA3211 /* Course.xcdatamodeld in Sources */ = {isa = PBXBuildFile; fileRef = B48B0318207384D700215BB0 /* Course.xcdatamodeld */; };
		B4C8C29D208A13F900EA3211 /* Course.xcdatamodeld in Sources */ = {isa = PBXBuildFile; fileRef = B48B0318207384D700215BB0 /* Course.xcdatamodeld */; };
		B4CB3FDB1F1209FE0059591C /* NotificationCenter.framework in Frameworks */ = {isa = PBXBuildFile; fileRef = B4CB3FDA1F1209FE0059591C /* NotificationCenter.framework */; };
		B4CB3FE11F1209FE0059591C /* MainInterface.storyboard in Resources */ = {isa = PBXBuildFile; fileRef = B4CB3FDF1F1209FE0059591C /* MainInterface.storyboard */; };
		B4CB3FE51F1209FE0059591C /* DUTInformationToday.appex in Embed App Extensions */ = {isa = PBXBuildFile; fileRef = B4CB3FD91F1209FE0059591C /* DUTInformationToday.appex */; settings = {ATTRIBUTES = (RemoveHeadersOnCopy, ); }; };
		B4CCCA651FE2A98300EE6470 /* TabViewController.swift in Sources */ = {isa = PBXBuildFile; fileRef = B4CCCA641FE2A98300EE6470 /* TabViewController.swift */; };
		B4DD3DA82059296500B209C9 /* ScheduleInterfaceController.swift in Sources */ = {isa = PBXBuildFile; fileRef = B4DD3DA72059296500B209C9 /* ScheduleInterfaceController.swift */; };
		B4DD3DAA20592F3500B209C9 /* WeekRow.swift in Sources */ = {isa = PBXBuildFile; fileRef = B4DD3DA920592F3500B209C9 /* WeekRow.swift */; };
		B4E38DEC1FE65CA00013715C /* ScheduleLayout.swift in Sources */ = {isa = PBXBuildFile; fileRef = B4E38DEB1FE65CA00013715C /* ScheduleLayout.swift */; };
		B4E535CF1F5FDEAC007DE392 /* CourseCellView.swift in Sources */ = {isa = PBXBuildFile; fileRef = B4E535CE1F5FDEAC007DE392 /* CourseCellView.swift */; };
		B4E535D21F61544B007DE392 /* LoginViewController.swift in Sources */ = {isa = PBXBuildFile; fileRef = B4E535D11F61544B007DE392 /* LoginViewController.swift */; };
		D15B9B88571B6EF5583F1D87 /* Pods_DUTInfomation.framework in Frameworks */ = {isa = PBXBuildFile; fileRef = FA733EC1FDC5F35321DDDEEB /* Pods_DUTInfomation.framework */; };
/* End PBXBuildFile section */

/* Begin PBXContainerItemProxy section */
		B4BD1CDE20511BDA00C18ACB /* PBXContainerItemProxy */ = {
			isa = PBXContainerItemProxy;
			containerPortal = B4B70E731F0A211800174471 /* Project object */;
			proxyType = 1;
			remoteGlobalIDString = B4BD1CDB20511BDA00C18ACB;
			remoteInfo = "DUTInformationWatch Extension";
		};
		B4BD1CEA20511BDB00C18ACB /* PBXContainerItemProxy */ = {
			isa = PBXContainerItemProxy;
			containerPortal = B4B70E731F0A211800174471 /* Project object */;
			proxyType = 1;
			remoteGlobalIDString = B4BD1CCF20511BDA00C18ACB;
			remoteInfo = DUTInformationWatch;
		};
		B4CB3FE31F1209FE0059591C /* PBXContainerItemProxy */ = {
			isa = PBXContainerItemProxy;
			containerPortal = B4B70E731F0A211800174471 /* Project object */;
			proxyType = 1;
			remoteGlobalIDString = B4CB3FD81F1209FE0059591C;
			remoteInfo = DUTInformationToday;
		};
/* End PBXContainerItemProxy section */

/* Begin PBXCopyFilesBuildPhase section */
		B45E81FD204FB82A00D03EAA /* Embed Watch Content */ = {
			isa = PBXCopyFilesBuildPhase;
			buildActionMask = 2147483647;
			dstPath = "$(CONTENTS_FOLDER_PATH)/Watch";
			dstSubfolderSpec = 16;
			files = (
				B4BD1CEC20511BDB00C18ACB /* DUTInformationWatch.app in Embed Watch Content */,
			);
			name = "Embed Watch Content";
			runOnlyForDeploymentPostprocessing = 0;
		};
		B4BD1CF020511BDB00C18ACB /* Embed App Extensions */ = {
			isa = PBXCopyFilesBuildPhase;
			buildActionMask = 2147483647;
			dstPath = "";
			dstSubfolderSpec = 13;
			files = (
				B4BD1CDD20511BDA00C18ACB /* DUTInformationWatch Extension.appex in Embed App Extensions */,
			);
			name = "Embed App Extensions";
			runOnlyForDeploymentPostprocessing = 0;
		};
		B4CB3FE91F1209FE0059591C /* Embed App Extensions */ = {
			isa = PBXCopyFilesBuildPhase;
			buildActionMask = 2147483647;
			dstPath = "";
			dstSubfolderSpec = 13;
			files = (
				B4CB3FE51F1209FE0059591C /* DUTInformationToday.appex in Embed App Extensions */,
			);
			name = "Embed App Extensions";
			runOnlyForDeploymentPostprocessing = 0;
		};
		B4CB3FFD1F120E860059591C /* Embed Frameworks */ = {
			isa = PBXCopyFilesBuildPhase;
			buildActionMask = 2147483647;
			dstPath = "";
			dstSubfolderSpec = 10;
			files = (
			);
			name = "Embed Frameworks";
			runOnlyForDeploymentPostprocessing = 0;
		};
/* End PBXCopyFilesBuildPhase section */

/* Begin PBXFileReference section */
		2A48F5445B25D03E41EEE238 /* Pods-DUTInformationToday.release.xcconfig */ = {isa = PBXFileReference; includeInIndex = 1; lastKnownFileType = text.xcconfig; name = "Pods-DUTInformationToday.release.xcconfig"; path = "Pods/Target Support Files/Pods-DUTInformationToday/Pods-DUTInformationToday.release.xcconfig"; sourceTree = "<group>"; };
		61A43D9B92752240C3323267 /* Pods_DUTInformationWatch_Extension.framework */ = {isa = PBXFileReference; explicitFileType = wrapper.framework; includeInIndex = 0; path = Pods_DUTInformationWatch_Extension.framework; sourceTree = BUILT_PRODUCTS_DIR; };
		6718B60E6224544F999F3ADC /* Pods-DutInfoKit.debug.xcconfig */ = {isa = PBXFileReference; includeInIndex = 1; lastKnownFileType = text.xcconfig; name = "Pods-DutInfoKit.debug.xcconfig"; path = "Pods/Target Support Files/Pods-DutInfoKit/Pods-DutInfoKit.debug.xcconfig"; sourceTree = "<group>"; };
		89DEC4F407A4E6B10D2EDF87 /* Pods-DUTInfomation.release.xcconfig */ = {isa = PBXFileReference; includeInIndex = 1; lastKnownFileType = text.xcconfig; name = "Pods-DUTInfomation.release.xcconfig"; path = "Pods/Target Support Files/Pods-DUTInfomation/Pods-DUTInfomation.release.xcconfig"; sourceTree = "<group>"; };
		9CDF36D39840F6461FF0D3E1 /* Pods-DUTInfoKit.debug.xcconfig */ = {isa = PBXFileReference; includeInIndex = 1; lastKnownFileType = text.xcconfig; name = "Pods-DUTInfoKit.debug.xcconfig"; path = "Pods/Target Support Files/Pods-DUTInfoKit/Pods-DUTInfoKit.debug.xcconfig"; sourceTree = "<group>"; };
		A2C577CF4047CFE0F0EA4929 /* Pods-DUTInfomation.debug.xcconfig */ = {isa = PBXFileReference; includeInIndex = 1; lastKnownFileType = text.xcconfig; name = "Pods-DUTInfomation.debug.xcconfig"; path = "Pods/Target Support Files/Pods-DUTInfomation/Pods-DUTInfomation.debug.xcconfig"; sourceTree = "<group>"; };
		B0EB9A587DBD00F51952CA11 /* Pods-DUTInformationWatch Extension.release.xcconfig */ = {isa = PBXFileReference; includeInIndex = 1; lastKnownFileType = text.xcconfig; name = "Pods-DUTInformationWatch Extension.release.xcconfig"; path = "Pods/Target Support Files/Pods-DUTInformationWatch Extension/Pods-DUTInformationWatch Extension.release.xcconfig"; sourceTree = "<group>"; };
		B4173D711FE2642000B6E527 /* TabBarController.swift */ = {isa = PBXFileReference; lastKnownFileType = sourcecode.swift; path = TabBarController.swift; sourceTree = "<group>"; };
		B422360D20C010A300A6B615 /* TimeData.swift */ = {isa = PBXFileReference; lastKnownFileType = sourcecode.swift; path = TimeData.swift; sourceTree = "<group>"; };
		B422361120C0125700A6B615 /* JsonDataType.swift */ = {isa = PBXFileReference; lastKnownFileType = sourcecode.swift; path = JsonDataType.swift; sourceTree = "<group>"; };
		B422673E1F692DF500D161CD /* ScheduleViewController.swift */ = {isa = PBXFileReference; fileEncoding = 4; lastKnownFileType = sourcecode.swift; path = ScheduleViewController.swift; sourceTree = "<group>"; };
		B42EEA9620C2C57C00C2208B /* Date+Extension.swift */ = {isa = PBXFileReference; lastKnownFileType = sourcecode.swift; path = "Date+Extension.swift"; sourceTree = "<group>"; };
		B445E96520C9017B00C1DD2E /* NotificationCenter+Extension.swift */ = {isa = PBXFileReference; lastKnownFileType = sourcecode.swift; path = "NotificationCenter+Extension.swift"; sourceTree = "<group>"; };
		B4477E6D20C16639002ECC5E /* NetData.swift */ = {isa = PBXFileReference; lastKnownFileType = sourcecode.swift; path = NetData.swift; sourceTree = "<group>"; };
		B4477E7120C16939002ECC5E /* EcardData.swift */ = {isa = PBXFileReference; lastKnownFileType = sourcecode.swift; path = EcardData.swift; sourceTree = "<group>"; };
		B4477E7520C16B45002ECC5E /* NetRequest.swift */ = {isa = PBXFileReference; lastKnownFileType = sourcecode.swift; path = NetRequest.swift; sourceTree = "<group>"; };
		B454BC3F205E558A0073721F /* DataManager.swift */ = {isa = PBXFileReference; fileEncoding = 4; lastKnownFileType = sourcecode.swift; path = DataManager.swift; sourceTree = "<group>"; };
		B454BC42205E558A0073721F /* UserInfo.swift */ = {isa = PBXFileReference; fileEncoding = 4; lastKnownFileType = sourcecode.swift; path = UserInfo.swift; sourceTree = "<group>"; };
		B487D3CC20CA54E700F9E4AA /* NSPersistentStoreCoordinator+Extension.swift */ = {isa = PBXFileReference; lastKnownFileType = sourcecode.swift; path = "NSPersistentStoreCoordinator+Extension.swift"; sourceTree = "<group>"; };
		B48B0319207384D700215BB0 /* Course.xcdatamodel */ = {isa = PBXFileReference; lastKnownFileType = wrapper.xcdatamodel; path = Course.xcdatamodel; sourceTree = "<group>"; };
		B493042A20C0FF900008ECEB /* TestData.swift */ = {isa = PBXFileReference; lastKnownFileType = sourcecode.swift; path = TestData.swift; sourceTree = "<group>"; };
		B49BAAFC1FE6454C00B396CD /* TeachWeekView.swift */ = {isa = PBXFileReference; lastKnownFileType = sourcecode.swift; path = TeachWeekView.swift; sourceTree = "<group>"; };
		B4A137E61F62BD9200207CFF /* TodayViewController.swift */ = {isa = PBXFileReference; fileEncoding = 4; lastKnownFileType = sourcecode.swift; path = TodayViewController.swift; sourceTree = "<group>"; };
		B4A2114C1FDFAD2C0055B611 /* WeekCell.swift */ = {isa = PBXFileReference; lastKnownFileType = sourcecode.swift; path = WeekCell.swift; sourceTree = "<group>"; };
		B4A2114E1FDFAD580055B611 /* CourseCell.swift */ = {isa = PBXFileReference; lastKnownFileType = sourcecode.swift; path = CourseCell.swift; sourceTree = "<group>"; };
		B4A211501FDFAD640055B611 /* CourseNumberCell.swift */ = {isa = PBXFileReference; lastKnownFileType = sourcecode.swift; path = CourseNumberCell.swift; sourceTree = "<group>"; };
		B4A772221FE7B05600B3F545 /* TestCell.swift */ = {isa = PBXFileReference; lastKnownFileType = sourcecode.swift; path = TestCell.swift; sourceTree = "<group>"; };
		B4A772261FE7B1F900B3F545 /* TestViewDataSource.swift */ = {isa = PBXFileReference; lastKnownFileType = sourcecode.swift; path = TestViewDataSource.swift; sourceTree = "<group>"; };
		B4B2F7A91FE774ED00B86075 /* ScheduleViewDataSource.swift */ = {isa = PBXFileReference; lastKnownFileType = sourcecode.swift; path = ScheduleViewDataSource.swift; sourceTree = "<group>"; };
		B4B2F7AB1FE7878000B86075 /* TodayViewDataSource.swift */ = {isa = PBXFileReference; lastKnownFileType = sourcecode.swift; path = TodayViewDataSource.swift; sourceTree = "<group>"; };
		B4B440D320B555030002CC69 /* CourseInterfaceController.swift */ = {isa = PBXFileReference; lastKnownFileType = sourcecode.swift; path = CourseInterfaceController.swift; sourceTree = "<group>"; };
		B4B440D520B559510002CC69 /* TimeRow.swift */ = {isa = PBXFileReference; lastKnownFileType = sourcecode.swift; path = TimeRow.swift; sourceTree = "<group>"; };
		B4B70E7B1F0A211800174471 /* DUTInfomation.app */ = {isa = PBXFileReference; explicitFileType = wrapper.application; includeInIndex = 0; path = DUTInfomation.app; sourceTree = BUILT_PRODUCTS_DIR; };
		B4B70E7E1F0A211800174471 /* AppDelegate.swift */ = {isa = PBXFileReference; lastKnownFileType = sourcecode.swift; path = AppDelegate.swift; sourceTree = "<group>"; };
		B4B70E801F0A211800174471 /* CostViewController.swift */ = {isa = PBXFileReference; lastKnownFileType = sourcecode.swift; path = CostViewController.swift; sourceTree = "<group>"; };
		B4B70E831F0A211800174471 /* Base */ = {isa = PBXFileReference; lastKnownFileType = file.storyboard; name = Base; path = Base.lproj/Main.storyboard; sourceTree = "<group>"; };
		B4B70E851F0A211800174471 /* Assets.xcassets */ = {isa = PBXFileReference; lastKnownFileType = folder.assetcatalog; path = Assets.xcassets; sourceTree = "<group>"; };
		B4B70E881F0A211800174471 /* Base */ = {isa = PBXFileReference; lastKnownFileType = file.storyboard; name = Base; path = Base.lproj/LaunchScreen.storyboard; sourceTree = "<group>"; };
		B4B70E8A1F0A211800174471 /* Info.plist */ = {isa = PBXFileReference; lastKnownFileType = text.plist.xml; path = Info.plist; sourceTree = "<group>"; };
		B4BA90D1208F127300A4CA8E /* CourseData.swift */ = {isa = PBXFileReference; lastKnownFileType = sourcecode.swift; path = CourseData.swift; sourceTree = "<group>"; };
		B4BD1CD020511BDA00C18ACB /* DUTInformationWatch.app */ = {isa = PBXFileReference; explicitFileType = wrapper.application; includeInIndex = 0; path = DUTInformationWatch.app; sourceTree = BUILT_PRODUCTS_DIR; };
		B4BD1CD320511BDA00C18ACB /* Base */ = {isa = PBXFileReference; lastKnownFileType = file.storyboard; name = Base; path = Base.lproj/Interface.storyboard; sourceTree = "<group>"; };
		B4BD1CD520511BDA00C18ACB /* Assets.xcassets */ = {isa = PBXFileReference; lastKnownFileType = folder.assetcatalog; path = Assets.xcassets; sourceTree = "<group>"; };
		B4BD1CD720511BDA00C18ACB /* Info.plist */ = {isa = PBXFileReference; lastKnownFileType = text.plist.xml; path = Info.plist; sourceTree = "<group>"; };
		B4BD1CDC20511BDA00C18ACB /* DUTInformationWatch Extension.appex */ = {isa = PBXFileReference; explicitFileType = "wrapper.app-extension"; includeInIndex = 0; path = "DUTInformationWatch Extension.appex"; sourceTree = BUILT_PRODUCTS_DIR; };
		B4BD1CE120511BDA00C18ACB /* MainInterfaceController.swift */ = {isa = PBXFileReference; lastKnownFileType = sourcecode.swift; path = MainInterfaceController.swift; sourceTree = "<group>"; };
		B4BD1CE320511BDA00C18ACB /* ExtensionDelegate.swift */ = {isa = PBXFileReference; lastKnownFileType = sourcecode.swift; path = ExtensionDelegate.swift; sourceTree = "<group>"; };
		B4BD1CE520511BDA00C18ACB /* ComplicationController.swift */ = {isa = PBXFileReference; lastKnownFileType = sourcecode.swift; path = ComplicationController.swift; sourceTree = "<group>"; };
		B4BD1CE720511BDA00C18ACB /* Assets.xcassets */ = {isa = PBXFileReference; lastKnownFileType = folder.assetcatalog; path = Assets.xcassets; sourceTree = "<group>"; };
		B4BD1CE920511BDB00C18ACB /* Info.plist */ = {isa = PBXFileReference; lastKnownFileType = text.plist.xml; path = Info.plist; sourceTree = "<group>"; };
		B4BD1CF520511E1E00C18ACB /* CourseRow.swift */ = {isa = PBXFileReference; lastKnownFileType = sourcecode.swift; path = CourseRow.swift; sourceTree = "<group>"; };
		B4BD1CF720511E2700C18ACB /* NetRow.swift */ = {isa = PBXFileReference; lastKnownFileType = sourcecode.swift; path = NetRow.swift; sourceTree = "<group>"; };
		B4BD1CF920511E2D00C18ACB /* EcardRow.swift */ = {isa = PBXFileReference; lastKnownFileType = sourcecode.swift; path = EcardRow.swift; sourceTree = "<group>"; };
		B4BD1CFB20511F8700C18ACB /* DUTInformationWatch Extension.entitlements */ = {isa = PBXFileReference; lastKnownFileType = text.plist.entitlements; path = "DUTInformationWatch Extension.entitlements"; sourceTree = "<group>"; };
		B4C5D851208E159300BF1589 /* ManagedObject.swift */ = {isa = PBXFileReference; lastKnownFileType = sourcecode.swift; path = ManagedObject.swift; sourceTree = "<group>"; };
		B4CB3FD91F1209FE0059591C /* DUTInformationToday.appex */ = {isa = PBXFileReference; explicitFileType = "wrapper.app-extension"; includeInIndex = 0; path = DUTInformationToday.appex; sourceTree = BUILT_PRODUCTS_DIR; };
		B4CB3FDA1F1209FE0059591C /* NotificationCenter.framework */ = {isa = PBXFileReference; lastKnownFileType = wrapper.framework; name = NotificationCenter.framework; path = System/Library/Frameworks/NotificationCenter.framework; sourceTree = SDKROOT; };
		B4CB3FE01F1209FE0059591C /* Base */ = {isa = PBXFileReference; lastKnownFileType = file.storyboard; name = Base; path = Base.lproj/MainInterface.storyboard; sourceTree = "<group>"; };
		B4CB3FE21F1209FE0059591C /* Info.plist */ = {isa = PBXFileReference; lastKnownFileType = text.plist.xml; path = Info.plist; sourceTree = "<group>"; };
		B4CB3FEA1F120AD70059591C /* DUTInfomation.entitlements */ = {isa = PBXFileReference; lastKnownFileType = text.plist.entitlements; path = DUTInfomation.entitlements; sourceTree = "<group>"; };
		B4CB3FEB1F120B0F0059591C /* DUTInformationToday.entitlements */ = {isa = PBXFileReference; lastKnownFileType = text.plist.entitlements; path = DUTInformationToday.entitlements; sourceTree = "<group>"; };
		B4CCCA641FE2A98300EE6470 /* TabViewController.swift */ = {isa = PBXFileReference; lastKnownFileType = sourcecode.swift; path = TabViewController.swift; sourceTree = "<group>"; };
		B4DD3DA72059296500B209C9 /* ScheduleInterfaceController.swift */ = {isa = PBXFileReference; lastKnownFileType = sourcecode.swift; path = ScheduleInterfaceController.swift; sourceTree = "<group>"; };
		B4DD3DA920592F3500B209C9 /* WeekRow.swift */ = {isa = PBXFileReference; lastKnownFileType = sourcecode.swift; path = WeekRow.swift; sourceTree = "<group>"; };
		B4E38DEB1FE65CA00013715C /* ScheduleLayout.swift */ = {isa = PBXFileReference; lastKnownFileType = sourcecode.swift; path = ScheduleLayout.swift; sourceTree = "<group>"; };
		B4E535CE1F5FDEAC007DE392 /* CourseCellView.swift */ = {isa = PBXFileReference; fileEncoding = 4; lastKnownFileType = sourcecode.swift; path = CourseCellView.swift; sourceTree = "<group>"; };
		B4E535D11F61544B007DE392 /* LoginViewController.swift */ = {isa = PBXFileReference; fileEncoding = 4; lastKnownFileType = sourcecode.swift; path = LoginViewController.swift; sourceTree = "<group>"; };
		B4FE35203A1536D7B2548853 /* Pods-DUTInformationToday.debug.xcconfig */ = {isa = PBXFileReference; includeInIndex = 1; lastKnownFileType = text.xcconfig; name = "Pods-DUTInformationToday.debug.xcconfig"; path = "Pods/Target Support Files/Pods-DUTInformationToday/Pods-DUTInformationToday.debug.xcconfig"; sourceTree = "<group>"; };
		CA7746FBA7E3092E8C3723D6 /* Pods-DUTInformationWatch Extension.debug.xcconfig */ = {isa = PBXFileReference; includeInIndex = 1; lastKnownFileType = text.xcconfig; name = "Pods-DUTInformationWatch Extension.debug.xcconfig"; path = "Pods/Target Support Files/Pods-DUTInformationWatch Extension/Pods-DUTInformationWatch Extension.debug.xcconfig"; sourceTree = "<group>"; };
		E56B0E628D8B1E3594C810D2 /* Pods_DUTInformationToday.framework */ = {isa = PBXFileReference; explicitFileType = wrapper.framework; includeInIndex = 0; path = Pods_DUTInformationToday.framework; sourceTree = BUILT_PRODUCTS_DIR; };
		F1354D8DE125033570EFF905 /* Pods-DutInfoKit.release.xcconfig */ = {isa = PBXFileReference; includeInIndex = 1; lastKnownFileType = text.xcconfig; name = "Pods-DutInfoKit.release.xcconfig"; path = "Pods/Target Support Files/Pods-DutInfoKit/Pods-DutInfoKit.release.xcconfig"; sourceTree = "<group>"; };
		FA733EC1FDC5F35321DDDEEB /* Pods_DUTInfomation.framework */ = {isa = PBXFileReference; explicitFileType = wrapper.framework; includeInIndex = 0; path = Pods_DUTInfomation.framework; sourceTree = BUILT_PRODUCTS_DIR; };
		FCE42AD4D331EFD5AE03C3C7 /* Pods-DUTInfoKit.release.xcconfig */ = {isa = PBXFileReference; includeInIndex = 1; lastKnownFileType = text.xcconfig; name = "Pods-DUTInfoKit.release.xcconfig"; path = "Pods/Target Support Files/Pods-DUTInfoKit/Pods-DUTInfoKit.release.xcconfig"; sourceTree = "<group>"; };
/* End PBXFileReference section */

/* Begin PBXFrameworksBuildPhase section */
		B4B70E781F0A211800174471 /* Frameworks */ = {
			isa = PBXFrameworksBuildPhase;
			buildActionMask = 2147483647;
			files = (
				D15B9B88571B6EF5583F1D87 /* Pods_DUTInfomation.framework in Frameworks */,
			);
			runOnlyForDeploymentPostprocessing = 0;
		};
		B4BD1CD920511BDA00C18ACB /* Frameworks */ = {
			isa = PBXFrameworksBuildPhase;
			buildActionMask = 2147483647;
			files = (
				26247C115375106E7529D9FE /* Pods_DUTInformationWatch_Extension.framework in Frameworks */,
			);
			runOnlyForDeploymentPostprocessing = 0;
		};
		B4CB3FD61F1209FE0059591C /* Frameworks */ = {
			isa = PBXFrameworksBuildPhase;
			buildActionMask = 2147483647;
			files = (
				B4CB3FDB1F1209FE0059591C /* NotificationCenter.framework in Frameworks */,
				1BF50BBD1362FA85383CE68F /* Pods_DUTInformationToday.framework in Frameworks */,
			);
			runOnlyForDeploymentPostprocessing = 0;
		};
		C5371CE9D089A81E2EBAA232 /* Frameworks */ = {
			isa = PBXFrameworksBuildPhase;
			buildActionMask = 2147483647;
			files = (
			);
			runOnlyForDeploymentPostprocessing = 0;
		};
/* End PBXFrameworksBuildPhase section */

/* Begin PBXGroup section */
		672C0771219B04B4B7C8E8E1 /* Frameworks */ = {
			isa = PBXGroup;
			children = (
				FA733EC1FDC5F35321DDDEEB /* Pods_DUTInfomation.framework */,
				B4CB3FDA1F1209FE0059591C /* NotificationCenter.framework */,
				E56B0E628D8B1E3594C810D2 /* Pods_DUTInformationToday.framework */,
				61A43D9B92752240C3323267 /* Pods_DUTInformationWatch_Extension.framework */,
			);
			name = Frameworks;
			sourceTree = "<group>";
		};
		87FE56C3B63F9CCFCFF5089C /* Pods */ = {
			isa = PBXGroup;
			children = (
				A2C577CF4047CFE0F0EA4929 /* Pods-DUTInfomation.debug.xcconfig */,
				89DEC4F407A4E6B10D2EDF87 /* Pods-DUTInfomation.release.xcconfig */,
				6718B60E6224544F999F3ADC /* Pods-DutInfoKit.debug.xcconfig */,
				F1354D8DE125033570EFF905 /* Pods-DutInfoKit.release.xcconfig */,
				9CDF36D39840F6461FF0D3E1 /* Pods-DUTInfoKit.debug.xcconfig */,
				FCE42AD4D331EFD5AE03C3C7 /* Pods-DUTInfoKit.release.xcconfig */,
				B4FE35203A1536D7B2548853 /* Pods-DUTInformationToday.debug.xcconfig */,
				2A48F5445B25D03E41EEE238 /* Pods-DUTInformationToday.release.xcconfig */,
				CA7746FBA7E3092E8C3723D6 /* Pods-DUTInformationWatch Extension.debug.xcconfig */,
				B0EB9A587DBD00F51952CA11 /* Pods-DUTInformationWatch Extension.release.xcconfig */,
			);
			name = Pods;
			sourceTree = "<group>";
		};
		B445E96920C901E100C1DD2E /* Utils */ = {
			isa = PBXGroup;
			children = (
				B42EEA9620C2C57C00C2208B /* Date+Extension.swift */,
				B445E96520C9017B00C1DD2E /* NotificationCenter+Extension.swift */,
				B487D3CC20CA54E700F9E4AA /* NSPersistentStoreCoordinator+Extension.swift */,
			);
			name = Utils;
			path = InfoModule;
			sourceTree = "<group>";
		};
		B445E96A20C9074000C1DD2E /* DataModule */ = {
			isa = PBXGroup;
			children = (
				B48B0318207384D700215BB0 /* Course.xcdatamodeld */,
				B4C5D851208E159300BF1589 /* ManagedObject.swift */,
				B4BA90D1208F127300A4CA8E /* CourseData.swift */,
				B422360D20C010A300A6B615 /* TimeData.swift */,
				B493042A20C0FF900008ECEB /* TestData.swift */,
				B4477E6D20C16639002ECC5E /* NetData.swift */,
				B4477E7120C16939002ECC5E /* EcardData.swift */,
				B422361120C0125700A6B615 /* JsonDataType.swift */,
			);
			name = DataModule;
			sourceTree = "<group>";
		};
		B454BC3E205E558A0073721F /* InfoModule */ = {
			isa = PBXGroup;
			children = (
				B445E96A20C9074000C1DD2E /* DataModule */,
				B454BC3F205E558A0073721F /* DataManager.swift */,
				B4477E7520C16B45002ECC5E /* NetRequest.swift */,
				B454BC42205E558A0073721F /* UserInfo.swift */,
			);
			path = InfoModule;
			sourceTree = SOURCE_ROOT;
		};
		B46A6C081FE906860041DBBF /* UI */ = {
			isa = PBXGroup;
			children = (
				B4B70E821F0A211800174471 /* Main.storyboard */,
				B4B70E871F0A211800174471 /* LaunchScreen.storyboard */,
				B4B70E851F0A211800174471 /* Assets.xcassets */,
			);
			name = UI;
			sourceTree = "<group>";
		};
		B46A6C091FE9069D0041DBBF /* Other Files */ = {
			isa = PBXGroup;
			children = (
				B4CB3FEA1F120AD70059591C /* DUTInfomation.entitlements */,
				B4B70E7E1F0A211800174471 /* AppDelegate.swift */,
				B4B70E8A1F0A211800174471 /* Info.plist */,
			);
			name = "Other Files";
			sourceTree = "<group>";
		};
		B46A6C0A1FE906F30041DBBF /* Main */ = {
			isa = PBXGroup;
			children = (
				B4173D711FE2642000B6E527 /* TabBarController.swift */,
				B4CCCA641FE2A98300EE6470 /* TabViewController.swift */,
			);
			name = Main;
			sourceTree = "<group>";
		};
		B483E2D320B5530600CD4407 /* Other Files */ = {
			isa = PBXGroup;
			children = (
				B4BD1CFB20511F8700C18ACB /* DUTInformationWatch Extension.entitlements */,
				B4BD1CE720511BDA00C18ACB /* Assets.xcassets */,
				B4BD1CE920511BDB00C18ACB /* Info.plist */,
			);
			name = "Other Files";
			sourceTree = "<group>";
		};
		B499EDF21FF1224600A84965 /* AccountLogin */ = {
			isa = PBXGroup;
			children = (
				B4E535D11F61544B007DE392 /* LoginViewController.swift */,
			);
			name = AccountLogin;
			sourceTree = "<group>";
		};
		B4A772241FE7B15700B3F545 /* Schedule */ = {
			isa = PBXGroup;
			children = (
				B422673E1F692DF500D161CD /* ScheduleViewController.swift */,
				B4B2F7A91FE774ED00B86075 /* ScheduleViewDataSource.swift */,
				B4E38DEB1FE65CA00013715C /* ScheduleLayout.swift */,
				B4A2114C1FDFAD2C0055B611 /* WeekCell.swift */,
				B4A2114E1FDFAD580055B611 /* CourseCell.swift */,
				B4A211501FDFAD640055B611 /* CourseNumberCell.swift */,
				B49BAAFC1FE6454C00B396CD /* TeachWeekView.swift */,
			);
			name = Schedule;
			sourceTree = "<group>";
		};
		B4A772251FE7B19B00B3F545 /* OtherInfo */ = {
			isa = PBXGroup;
			children = (
				B4B70E801F0A211800174471 /* CostViewController.swift */,
				B4A772261FE7B1F900B3F545 /* TestViewDataSource.swift */,
				B4A772221FE7B05600B3F545 /* TestCell.swift */,
			);
			name = OtherInfo;
			sourceTree = "<group>";
		};
		B4B440D020B553420002CC69 /* Main */ = {
			isa = PBXGroup;
			children = (
				B4BD1CE120511BDA00C18ACB /* MainInterfaceController.swift */,
				B4BD1CE320511BDA00C18ACB /* ExtensionDelegate.swift */,
				B4BD1CE520511BDA00C18ACB /* ComplicationController.swift */,
			);
			name = Main;
			sourceTree = "<group>";
		};
		B4B440D120B553D50002CC69 /* Schedule */ = {
			isa = PBXGroup;
			children = (
				B4DD3DA72059296500B209C9 /* ScheduleInterfaceController.swift */,
				B4B440D320B555030002CC69 /* CourseInterfaceController.swift */,
				B4BD1CF520511E1E00C18ACB /* CourseRow.swift */,
				B4B440D520B559510002CC69 /* TimeRow.swift */,
				B4DD3DA920592F3500B209C9 /* WeekRow.swift */,
			);
			name = Schedule;
			sourceTree = "<group>";
		};
		B4B440D220B553F90002CC69 /* OtherInfo */ = {
			isa = PBXGroup;
			children = (
				B4BD1CF720511E2700C18ACB /* NetRow.swift */,
				B4BD1CF920511E2D00C18ACB /* EcardRow.swift */,
			);
			name = OtherInfo;
			sourceTree = "<group>";
		};
		B4B70E721F0A211800174471 = {
			isa = PBXGroup;
			children = (
				B454BC3E205E558A0073721F /* InfoModule */,
				B445E96920C901E100C1DD2E /* Utils */,
				B4B70E7D1F0A211800174471 /* DUTInfomation */,
				B4CB3FDC1F1209FE0059591C /* DUTInformationToday */,
				B4BD1CD120511BDA00C18ACB /* DUTInformationWatch */,
				B4BD1CE020511BDA00C18ACB /* DUTInformationWatch Extension */,
				B4B70E7C1F0A211800174471 /* Products */,
				87FE56C3B63F9CCFCFF5089C /* Pods */,
				672C0771219B04B4B7C8E8E1 /* Frameworks */,
			);
			sourceTree = "<group>";
		};
		B4B70E7C1F0A211800174471 /* Products */ = {
			isa = PBXGroup;
			children = (
				B4B70E7B1F0A211800174471 /* DUTInfomation.app */,
				B4CB3FD91F1209FE0059591C /* DUTInformationToday.appex */,
				B4BD1CD020511BDA00C18ACB /* DUTInformationWatch.app */,
				B4BD1CDC20511BDA00C18ACB /* DUTInformationWatch Extension.appex */,
			);
			name = Products;
			sourceTree = "<group>";
		};
		B4B70E7D1F0A211800174471 /* DUTInfomation */ = {
			isa = PBXGroup;
			children = (
				B46A6C0A1FE906F30041DBBF /* Main */,
				B499EDF21FF1224600A84965 /* AccountLogin */,
				B4A772251FE7B19B00B3F545 /* OtherInfo */,
				B4A772241FE7B15700B3F545 /* Schedule */,
				B46A6C081FE906860041DBBF /* UI */,
				B46A6C091FE9069D0041DBBF /* Other Files */,
			);
			path = DUTInfomation;
			sourceTree = "<group>";
		};
		B4BD1CD120511BDA00C18ACB /* DUTInformationWatch */ = {
			isa = PBXGroup;
			children = (
				B4BD1CD220511BDA00C18ACB /* Interface.storyboard */,
				B4BD1CD520511BDA00C18ACB /* Assets.xcassets */,
				B4BD1CD720511BDA00C18ACB /* Info.plist */,
			);
			path = DUTInformationWatch;
			sourceTree = "<group>";
		};
		B4BD1CE020511BDA00C18ACB /* DUTInformationWatch Extension */ = {
			isa = PBXGroup;
			children = (
				B4B440D020B553420002CC69 /* Main */,
				B483E2D320B5530600CD4407 /* Other Files */,
				B4B440D120B553D50002CC69 /* Schedule */,
				B4B440D220B553F90002CC69 /* OtherInfo */,
			);
			path = "DUTInformationWatch Extension";
			sourceTree = "<group>";
		};
		B4CB3FDC1F1209FE0059591C /* DUTInformationToday */ = {
			isa = PBXGroup;
			children = (
				B4CB3FEB1F120B0F0059591C /* DUTInformationToday.entitlements */,
				B4A137E61F62BD9200207CFF /* TodayViewController.swift */,
				B4B2F7AB1FE7878000B86075 /* TodayViewDataSource.swift */,
				B4E535CE1F5FDEAC007DE392 /* CourseCellView.swift */,
				B4CB3FDF1F1209FE0059591C /* MainInterface.storyboard */,
				B4CB3FE21F1209FE0059591C /* Info.plist */,
			);
			path = DUTInformationToday;
			sourceTree = "<group>";
		};
/* End PBXGroup section */

/* Begin PBXNativeTarget section */
		B4B70E7A1F0A211800174471 /* DUTInfomation */ = {
			isa = PBXNativeTarget;
			buildConfigurationList = B4B70E8D1F0A211800174471 /* Build configuration list for PBXNativeTarget "DUTInfomation" */;
			buildPhases = (
				F9F118B755677D69F50C1C20 /* [CP] Check Pods Manifest.lock */,
				B4B70E771F0A211800174471 /* Sources */,
				B4B70E781F0A211800174471 /* Frameworks */,
				B4B70E791F0A211800174471 /* Resources */,
				B4CB3FE91F1209FE0059591C /* Embed App Extensions */,
				B4CB3FFD1F120E860059591C /* Embed Frameworks */,
				B45E81FD204FB82A00D03EAA /* Embed Watch Content */,
				79A10317119C27BDF5C1D424 /* [CP] Embed Pods Frameworks */,
			);
			buildRules = (
			);
			dependencies = (
				B4CB3FE41F1209FE0059591C /* PBXTargetDependency */,
				B4BD1CEB20511BDB00C18ACB /* PBXTargetDependency */,
			);
			name = DUTInfomation;
			productName = DUTInfomation;
			productReference = B4B70E7B1F0A211800174471 /* DUTInfomation.app */;
			productType = "com.apple.product-type.application";
		};
		B4BD1CCF20511BDA00C18ACB /* DUTInformationWatch */ = {
			isa = PBXNativeTarget;
			buildConfigurationList = B4BD1CF120511BDB00C18ACB /* Build configuration list for PBXNativeTarget "DUTInformationWatch" */;
			buildPhases = (
				B4BD1CCE20511BDA00C18ACB /* Resources */,
				B4BD1CF020511BDB00C18ACB /* Embed App Extensions */,
				C5371CE9D089A81E2EBAA232 /* Frameworks */,
			);
			buildRules = (
			);
			dependencies = (
				B4BD1CDF20511BDA00C18ACB /* PBXTargetDependency */,
			);
			name = DUTInformationWatch;
			productName = DUTInformationWatch;
			productReference = B4BD1CD020511BDA00C18ACB /* DUTInformationWatch.app */;
			productType = "com.apple.product-type.application.watchapp2";
		};
		B4BD1CDB20511BDA00C18ACB /* DUTInformationWatch Extension */ = {
			isa = PBXNativeTarget;
			buildConfigurationList = B4BD1CED20511BDB00C18ACB /* Build configuration list for PBXNativeTarget "DUTInformationWatch Extension" */;
			buildPhases = (
				0E54DCA97F510E6FE7196B76 /* [CP] Check Pods Manifest.lock */,
				B4BD1CD820511BDA00C18ACB /* Sources */,
				B4BD1CD920511BDA00C18ACB /* Frameworks */,
				B4BD1CDA20511BDA00C18ACB /* Resources */,
				FF7B6BCA2A90E0EF690E1429 /* [CP] Embed Pods Frameworks */,
			);
			buildRules = (
			);
			dependencies = (
			);
			name = "DUTInformationWatch Extension";
			productName = "DUTInformationWatch Extension";
			productReference = B4BD1CDC20511BDA00C18ACB /* DUTInformationWatch Extension.appex */;
			productType = "com.apple.product-type.watchkit2-extension";
		};
		B4CB3FD81F1209FE0059591C /* DUTInformationToday */ = {
			isa = PBXNativeTarget;
			buildConfigurationList = B4CB3FE81F1209FE0059591C /* Build configuration list for PBXNativeTarget "DUTInformationToday" */;
			buildPhases = (
				9B780CD2C1C17AF5B57DC4A3 /* [CP] Check Pods Manifest.lock */,
				B4CB3FD51F1209FE0059591C /* Sources */,
				B4CB3FD61F1209FE0059591C /* Frameworks */,
				B4CB3FD71F1209FE0059591C /* Resources */,
			);
			buildRules = (
			);
			dependencies = (
			);
			name = DUTInformationToday;
			productName = DUTInformationToday;
			productReference = B4CB3FD91F1209FE0059591C /* DUTInformationToday.appex */;
			productType = "com.apple.product-type.app-extension";
		};
/* End PBXNativeTarget section */

/* Begin PBXProject section */
		B4B70E731F0A211800174471 /* Project object */ = {
			isa = PBXProject;
			attributes = {
				LastSwiftUpdateCheck = 0920;
				LastUpgradeCheck = 0930;
				ORGANIZATIONNAME = shino;
				TargetAttributes = {
					B4B70E7A1F0A211800174471 = {
						CreatedOnToolsVersion = 8.3;
						DevelopmentTeam = R374EG3MSW;
						LastSwiftMigration = 1000;
						ProvisioningStyle = Automatic;
						SystemCapabilities = {
							com.apple.ApplicationGroups.iOS = {
								enabled = 1;
							};
							com.apple.Keychain = {
								enabled = 1;
							};
						};
					};
					B4BD1CCF20511BDA00C18ACB = {
						CreatedOnToolsVersion = 9.2;
						DevelopmentTeam = R374EG3MSW;
						LastSwiftMigration = 1000;
						ProvisioningStyle = Automatic;
					};
					B4BD1CDB20511BDA00C18ACB = {
						CreatedOnToolsVersion = 9.2;
						DevelopmentTeam = R374EG3MSW;
						LastSwiftMigration = 1000;
						ProvisioningStyle = Automatic;
						SystemCapabilities = {
							com.apple.ApplicationGroups.iOS = {
								enabled = 1;
							};
						};
					};
					B4CB3FD81F1209FE0059591C = {
						CreatedOnToolsVersion = 8.3;
						DevelopmentTeam = R374EG3MSW;
						LastSwiftMigration = 1000;
						ProvisioningStyle = Automatic;
						SystemCapabilities = {
							com.apple.ApplicationGroups.iOS = {
								enabled = 1;
							};
							com.apple.Keychain = {
								enabled = 1;
							};
						};
					};
				};
			};
			buildConfigurationList = B4B70E761F0A211800174471 /* Build configuration list for PBXProject "DUTInfomation" */;
			compatibilityVersion = "Xcode 3.2";
			developmentRegion = English;
			hasScannedForEncodings = 0;
			knownRegions = (
				en,
				Base,
			);
			mainGroup = B4B70E721F0A211800174471;
			productRefGroup = B4B70E7C1F0A211800174471 /* Products */;
			projectDirPath = "";
			projectRoot = "";
			targets = (
				B4B70E7A1F0A211800174471 /* DUTInfomation */,
				B4CB3FD81F1209FE0059591C /* DUTInformationToday */,
				B4BD1CCF20511BDA00C18ACB /* DUTInformationWatch */,
				B4BD1CDB20511BDA00C18ACB /* DUTInformationWatch Extension */,
			);
		};
/* End PBXProject section */

/* Begin PBXResourcesBuildPhase section */
		B4B70E791F0A211800174471 /* Resources */ = {
			isa = PBXResourcesBuildPhase;
			buildActionMask = 2147483647;
			files = (
				B4B70E891F0A211800174471 /* LaunchScreen.storyboard in Resources */,
				B4B70E861F0A211800174471 /* Assets.xcassets in Resources */,
				B4B70E841F0A211800174471 /* Main.storyboard in Resources */,
			);
			runOnlyForDeploymentPostprocessing = 0;
		};
		B4BD1CCE20511BDA00C18ACB /* Resources */ = {
			isa = PBXResourcesBuildPhase;
			buildActionMask = 2147483647;
			files = (
				B4BD1CD620511BDA00C18ACB /* Assets.xcassets in Resources */,
				B4BD1CD420511BDA00C18ACB /* Interface.storyboard in Resources */,
			);
			runOnlyForDeploymentPostprocessing = 0;
		};
		B4BD1CDA20511BDA00C18ACB /* Resources */ = {
			isa = PBXResourcesBuildPhase;
			buildActionMask = 2147483647;
			files = (
				B4BD1CE820511BDA00C18ACB /* Assets.xcassets in Resources */,
			);
			runOnlyForDeploymentPostprocessing = 0;
		};
		B4CB3FD71F1209FE0059591C /* Resources */ = {
			isa = PBXResourcesBuildPhase;
			buildActionMask = 2147483647;
			files = (
				B4CB3FE11F1209FE0059591C /* MainInterface.storyboard in Resources */,
			);
			runOnlyForDeploymentPostprocessing = 0;
		};
/* End PBXResourcesBuildPhase section */

/* Begin PBXShellScriptBuildPhase section */
		0E54DCA97F510E6FE7196B76 /* [CP] Check Pods Manifest.lock */ = {
			isa = PBXShellScriptBuildPhase;
			buildActionMask = 2147483647;
			files = (
			);
			inputPaths = (
				"${PODS_PODFILE_DIR_PATH}/Podfile.lock",
				"${PODS_ROOT}/Manifest.lock",
			);
			name = "[CP] Check Pods Manifest.lock";
			outputPaths = (
				"$(DERIVED_FILE_DIR)/Pods-DUTInformationWatch Extension-checkManifestLockResult.txt",
			);
			runOnlyForDeploymentPostprocessing = 0;
			shellPath = /bin/sh;
			shellScript = "diff \"${PODS_PODFILE_DIR_PATH}/Podfile.lock\" \"${PODS_ROOT}/Manifest.lock\" > /dev/null\nif [ $? != 0 ] ; then\n    # print error to STDERR\n    echo \"error: The sandbox is not in sync with the Podfile.lock. Run 'pod install' or update your CocoaPods installation.\" >&2\n    exit 1\nfi\n# This output is used by Xcode 'outputs' to avoid re-running this script phase.\necho \"SUCCESS\" > \"${SCRIPT_OUTPUT_FILE_0}\"\n";
			showEnvVarsInLog = 0;
		};
		79A10317119C27BDF5C1D424 /* [CP] Embed Pods Frameworks */ = {
			isa = PBXShellScriptBuildPhase;
			buildActionMask = 2147483647;
			files = (
			);
			inputPaths = (
				"${SRCROOT}/Pods/Target Support Files/Pods-DUTInfomation/Pods-DUTInfomation-frameworks.sh",
				"${BUILT_PRODUCTS_DIR}/AwaitKit-iOS/AwaitKit.framework",
				"${BUILT_PRODUCTS_DIR}/PromiseKit/PromiseKit.framework",
			);
			name = "[CP] Embed Pods Frameworks";
			outputPaths = (
				"${TARGET_BUILD_DIR}/${FRAMEWORKS_FOLDER_PATH}/AwaitKit.framework",
				"${TARGET_BUILD_DIR}/${FRAMEWORKS_FOLDER_PATH}/PromiseKit.framework",
			);
			runOnlyForDeploymentPostprocessing = 0;
			shellPath = /bin/sh;
			shellScript = "\"${SRCROOT}/Pods/Target Support Files/Pods-DUTInfomation/Pods-DUTInfomation-frameworks.sh\"\n";
			showEnvVarsInLog = 0;
		};
		9B780CD2C1C17AF5B57DC4A3 /* [CP] Check Pods Manifest.lock */ = {
			isa = PBXShellScriptBuildPhase;
			buildActionMask = 2147483647;
			files = (
			);
			inputPaths = (
				"${PODS_PODFILE_DIR_PATH}/Podfile.lock",
				"${PODS_ROOT}/Manifest.lock",
			);
			name = "[CP] Check Pods Manifest.lock";
			outputPaths = (
				"$(DERIVED_FILE_DIR)/Pods-DUTInformationToday-checkManifestLockResult.txt",
			);
			runOnlyForDeploymentPostprocessing = 0;
			shellPath = /bin/sh;
			shellScript = "diff \"${PODS_PODFILE_DIR_PATH}/Podfile.lock\" \"${PODS_ROOT}/Manifest.lock\" > /dev/null\nif [ $? != 0 ] ; then\n    # print error to STDERR\n    echo \"error: The sandbox is not in sync with the Podfile.lock. Run 'pod install' or update your CocoaPods installation.\" >&2\n    exit 1\nfi\n# This output is used by Xcode 'outputs' to avoid re-running this script phase.\necho \"SUCCESS\" > \"${SCRIPT_OUTPUT_FILE_0}\"\n";
			showEnvVarsInLog = 0;
		};
		F9F118B755677D69F50C1C20 /* [CP] Check Pods Manifest.lock */ = {
			isa = PBXShellScriptBuildPhase;
			buildActionMask = 2147483647;
			files = (
			);
			inputPaths = (
				"${PODS_PODFILE_DIR_PATH}/Podfile.lock",
				"${PODS_ROOT}/Manifest.lock",
			);
			name = "[CP] Check Pods Manifest.lock";
			outputPaths = (
				"$(DERIVED_FILE_DIR)/Pods-DUTInfomation-checkManifestLockResult.txt",
			);
			runOnlyForDeploymentPostprocessing = 0;
			shellPath = /bin/sh;
			shellScript = "diff \"${PODS_PODFILE_DIR_PATH}/Podfile.lock\" \"${PODS_ROOT}/Manifest.lock\" > /dev/null\nif [ $? != 0 ] ; then\n    # print error to STDERR\n    echo \"error: The sandbox is not in sync with the Podfile.lock. Run 'pod install' or update your CocoaPods installation.\" >&2\n    exit 1\nfi\n# This output is used by Xcode 'outputs' to avoid re-running this script phase.\necho \"SUCCESS\" > \"${SCRIPT_OUTPUT_FILE_0}\"\n";
			showEnvVarsInLog = 0;
		};
		FF7B6BCA2A90E0EF690E1429 /* [CP] Embed Pods Frameworks */ = {
			isa = PBXShellScriptBuildPhase;
			buildActionMask = 2147483647;
			files = (
			);
			inputPaths = (
				"${SRCROOT}/Pods/Target Support Files/Pods-DUTInformationWatch Extension/Pods-DUTInformationWatch Extension-frameworks.sh",
				"${BUILT_PRODUCTS_DIR}/AwaitKit-watchOS/AwaitKit.framework",
				"${BUILT_PRODUCTS_DIR}/PromiseKit.root-CorePromise-Foundation/PromiseKit.framework",
			);
			name = "[CP] Embed Pods Frameworks";
			outputPaths = (
				"${TARGET_BUILD_DIR}/${FRAMEWORKS_FOLDER_PATH}/AwaitKit.framework",
				"${TARGET_BUILD_DIR}/${FRAMEWORKS_FOLDER_PATH}/PromiseKit.framework",
			);
			runOnlyForDeploymentPostprocessing = 0;
			shellPath = /bin/sh;
			shellScript = "\"${SRCROOT}/Pods/Target Support Files/Pods-DUTInformationWatch Extension/Pods-DUTInformationWatch Extension-frameworks.sh\"\n";
			showEnvVarsInLog = 0;
		};
/* End PBXShellScriptBuildPhase section */

/* Begin PBXSourcesBuildPhase section */
		B4B70E771F0A211800174471 /* Sources */ = {
			isa = PBXSourcesBuildPhase;
			buildActionMask = 2147483647;
			files = (
				B48B031A207384D700215BB0 /* Course.xcdatamodeld in Sources */,
				B454BC46205E558A0073721F /* UserInfo.swift in Sources */,
				B4477E6E20C16639002ECC5E /* NetData.swift in Sources */,
				B4C5D852208E159300BF1589 /* ManagedObject.swift in Sources */,
				B493042B20C0FF900008ECEB /* TestData.swift in Sources */,
				B445E96620C9017B00C1DD2E /* NotificationCenter+Extension.swift in Sources */,
				B4477E7220C16939002ECC5E /* EcardData.swift in Sources */,
				B4A2114F1FDFAD580055B611 /* CourseCell.swift in Sources */,
				B422360E20C010A300A6B615 /* TimeData.swift in Sources */,
				B4477E7620C16B45002ECC5E /* NetRequest.swift in Sources */,
				B4B70E811F0A211800174471 /* CostViewController.swift in Sources */,
				B422361220C0125700A6B615 /* JsonDataType.swift in Sources */,
				B4CCCA651FE2A98300EE6470 /* TabViewController.swift in Sources */,
				B4B2F7AA1FE774ED00B86075 /* ScheduleViewDataSource.swift in Sources */,
				B4A211511FDFAD640055B611 /* CourseNumberCell.swift in Sources */,
				B422673F1F692DF500D161CD /* ScheduleViewController.swift in Sources */,
				B42EEA9720C2C57C00C2208B /* Date+Extension.swift in Sources */,
				B4E38DEC1FE65CA00013715C /* ScheduleLayout.swift in Sources */,
				B4B70E7F1F0A211800174471 /* AppDelegate.swift in Sources */,
				B454BC43205E558A0073721F /* DataManager.swift in Sources */,
				B4A2114D1FDFAD2C0055B611 /* WeekCell.swift in Sources */,
				B49BAAFD1FE6454C00B396CD /* TeachWeekView.swift in Sources */,
				B487D3CD20CA54E700F9E4AA /* NSPersistentStoreCoordinator+Extension.swift in Sources */,
				B4A772271FE7B1F900B3F545 /* TestViewDataSource.swift in Sources */,
				B4BA90D2208F127300A4CA8E /* CourseData.swift in Sources */,
				B4A772231FE7B05600B3F545 /* TestCell.swift in Sources */,
				B4173D721FE2642000B6E527 /* TabBarController.swift in Sources */,
				B4E535D21F61544B007DE392 /* LoginViewController.swift in Sources */,
			);
			runOnlyForDeploymentPostprocessing = 0;
		};
		B4BD1CD820511BDA00C18ACB /* Sources */ = {
			isa = PBXSourcesBuildPhase;
			buildActionMask = 2147483647;
			files = (
				B4BA90D4208F127300A4CA8E /* CourseData.swift in Sources */,
				B42EEA9920C2C57C00C2208B /* Date+Extension.swift in Sources */,
				B487D3CF20CA54E700F9E4AA /* NSPersistentStoreCoordinator+Extension.swift in Sources */,
				B4C5D854208E159300BF1589 /* ManagedObject.swift in Sources */,
				B4DD3DAA20592F3500B209C9 /* WeekRow.swift in Sources */,
				B4BD1CFA20511E2D00C18ACB /* EcardRow.swift in Sources */,
				B4DD3DA82059296500B209C9 /* ScheduleInterfaceController.swift in Sources */,
				B4BD1CE420511BDA00C18ACB /* ExtensionDelegate.swift in Sources */,
				B4C8C29D208A13F900EA3211 /* Course.xcdatamodeld in Sources */,
				B4BD1CF820511E2700C18ACB /* NetRow.swift in Sources */,
				B4477E7420C16939002ECC5E /* EcardData.swift in Sources */,
				B4BD1CE220511BDA00C18ACB /* MainInterfaceController.swift in Sources */,
				B4BD1CE620511BDA00C18ACB /* ComplicationController.swift in Sources */,
				B454BC49205E559D0073721F /* DataManager.swift in Sources */,
				B4BD1CF620511E1E00C18ACB /* CourseRow.swift in Sources */,
				B493042D20C0FF900008ECEB /* TestData.swift in Sources */,
				B422361020C010A300A6B615 /* TimeData.swift in Sources */,
				B4B440D420B555030002CC69 /* CourseInterfaceController.swift in Sources */,
				B445E96820C9017B00C1DD2E /* NotificationCenter+Extension.swift in Sources */,
				B4477E7820C16B45002ECC5E /* NetRequest.swift in Sources */,
				B422361420C0125700A6B615 /* JsonDataType.swift in Sources */,
				B4477E7020C16639002ECC5E /* NetData.swift in Sources */,
				B454BC4A205E55A30073721F /* UserInfo.swift in Sources */,
				B4B440D620B559510002CC69 /* TimeRow.swift in Sources */,
			);
			runOnlyForDeploymentPostprocessing = 0;
		};
		B4CB3FD51F1209FE0059591C /* Sources */ = {
			isa = PBXSourcesBuildPhase;
			buildActionMask = 2147483647;
			files = (
				B454BC48205E559C0073721F /* DataManager.swift in Sources */,
				B445E96720C9017B00C1DD2E /* NotificationCenter+Extension.swift in Sources */,
				B4E535CF1F5FDEAC007DE392 /* CourseCellView.swift in Sources */,
				B422361320C0125700A6B615 /* JsonDataType.swift in Sources */,
				B493042C20C0FF900008ECEB /* TestData.swift in Sources */,
				B4C5D853208E159300BF1589 /* ManagedObject.swift in Sources */,
				B42EEA9820C2C57C00C2208B /* Date+Extension.swift in Sources */,
				B4A137E71F62BD9200207CFF /* TodayViewController.swift in Sources */,
				B4C8C29C208A13F800EA3211 /* Course.xcdatamodeld in Sources */,
				B4477E6F20C16639002ECC5E /* NetData.swift in Sources */,
				B4B2F7AC1FE7878000B86075 /* TodayViewDataSource.swift in Sources */,
				B4477E7320C16939002ECC5E /* EcardData.swift in Sources */,
				B454BC4B205E55A40073721F /* UserInfo.swift in Sources */,
				B487D3CE20CA54E700F9E4AA /* NSPersistentStoreCoordinator+Extension.swift in Sources */,
				B422360F20C010A300A6B615 /* TimeData.swift in Sources */,
				B4BA90D3208F127300A4CA8E /* CourseData.swift in Sources */,
				B4477E7720C16B45002ECC5E /* NetRequest.swift in Sources */,
			);
			runOnlyForDeploymentPostprocessing = 0;
		};
/* End PBXSourcesBuildPhase section */

/* Begin PBXTargetDependency section */
		B4BD1CDF20511BDA00C18ACB /* PBXTargetDependency */ = {
			isa = PBXTargetDependency;
			target = B4BD1CDB20511BDA00C18ACB /* DUTInformationWatch Extension */;
			targetProxy = B4BD1CDE20511BDA00C18ACB /* PBXContainerItemProxy */;
		};
		B4BD1CEB20511BDB00C18ACB /* PBXTargetDependency */ = {
			isa = PBXTargetDependency;
			target = B4BD1CCF20511BDA00C18ACB /* DUTInformationWatch */;
			targetProxy = B4BD1CEA20511BDB00C18ACB /* PBXContainerItemProxy */;
		};
		B4CB3FE41F1209FE0059591C /* PBXTargetDependency */ = {
			isa = PBXTargetDependency;
			target = B4CB3FD81F1209FE0059591C /* DUTInformationToday */;
			targetProxy = B4CB3FE31F1209FE0059591C /* PBXContainerItemProxy */;
		};
/* End PBXTargetDependency section */

/* Begin PBXVariantGroup section */
		B4B70E821F0A211800174471 /* Main.storyboard */ = {
			isa = PBXVariantGroup;
			children = (
				B4B70E831F0A211800174471 /* Base */,
			);
			name = Main.storyboard;
			sourceTree = "<group>";
		};
		B4B70E871F0A211800174471 /* LaunchScreen.storyboard */ = {
			isa = PBXVariantGroup;
			children = (
				B4B70E881F0A211800174471 /* Base */,
			);
			name = LaunchScreen.storyboard;
			sourceTree = "<group>";
		};
		B4BD1CD220511BDA00C18ACB /* Interface.storyboard */ = {
			isa = PBXVariantGroup;
			children = (
				B4BD1CD320511BDA00C18ACB /* Base */,
			);
			name = Interface.storyboard;
			sourceTree = "<group>";
		};
		B4CB3FDF1F1209FE0059591C /* MainInterface.storyboard */ = {
			isa = PBXVariantGroup;
			children = (
				B4CB3FE01F1209FE0059591C /* Base */,
			);
			name = MainInterface.storyboard;
			sourceTree = "<group>";
		};
/* End PBXVariantGroup section */

/* Begin XCBuildConfiguration section */
		B4B70E8B1F0A211800174471 /* Debug */ = {
			isa = XCBuildConfiguration;
			buildSettings = {
				ALWAYS_SEARCH_USER_PATHS = NO;
				CLANG_ANALYZER_NONNULL = YES;
				CLANG_ANALYZER_NUMBER_OBJECT_CONVERSION = YES_AGGRESSIVE;
				CLANG_CXX_LANGUAGE_STANDARD = "gnu++0x";
				CLANG_CXX_LIBRARY = "libc++";
				CLANG_ENABLE_MODULES = YES;
				CLANG_ENABLE_OBJC_ARC = YES;
				CLANG_WARN_BLOCK_CAPTURE_AUTORELEASING = YES;
				CLANG_WARN_BOOL_CONVERSION = YES;
				CLANG_WARN_COMMA = YES;
				CLANG_WARN_CONSTANT_CONVERSION = YES;
				CLANG_WARN_DEPRECATED_OBJC_IMPLEMENTATIONS = YES;
				CLANG_WARN_DIRECT_OBJC_ISA_USAGE = YES_ERROR;
				CLANG_WARN_DOCUMENTATION_COMMENTS = YES;
				CLANG_WARN_EMPTY_BODY = YES;
				CLANG_WARN_ENUM_CONVERSION = YES;
				CLANG_WARN_INFINITE_RECURSION = YES;
				CLANG_WARN_INT_CONVERSION = YES;
				CLANG_WARN_NON_LITERAL_NULL_CONVERSION = YES;
				CLANG_WARN_OBJC_IMPLICIT_RETAIN_SELF = YES;
				CLANG_WARN_OBJC_LITERAL_CONVERSION = YES;
				CLANG_WARN_OBJC_ROOT_CLASS = YES_ERROR;
				CLANG_WARN_RANGE_LOOP_ANALYSIS = YES;
				CLANG_WARN_STRICT_PROTOTYPES = YES;
				CLANG_WARN_SUSPICIOUS_MOVE = YES;
				CLANG_WARN_UNREACHABLE_CODE = YES;
				CLANG_WARN__DUPLICATE_METHOD_MATCH = YES;
				"CODE_SIGN_IDENTITY[sdk=iphoneos*]" = "iPhone Developer";
				COPY_PHASE_STRIP = NO;
				DEBUG_INFORMATION_FORMAT = dwarf;
				ENABLE_STRICT_OBJC_MSGSEND = YES;
				ENABLE_TESTABILITY = YES;
				GCC_C_LANGUAGE_STANDARD = gnu99;
				GCC_DYNAMIC_NO_PIC = NO;
				GCC_NO_COMMON_BLOCKS = YES;
				GCC_OPTIMIZATION_LEVEL = 0;
				GCC_PREPROCESSOR_DEFINITIONS = (
					"DEBUG=1",
					"$(inherited)",
				);
				GCC_WARN_64_TO_32_BIT_CONVERSION = YES;
				GCC_WARN_ABOUT_RETURN_TYPE = YES_ERROR;
				GCC_WARN_UNDECLARED_SELECTOR = YES;
				GCC_WARN_UNINITIALIZED_AUTOS = YES_AGGRESSIVE;
				GCC_WARN_UNUSED_FUNCTION = YES;
				GCC_WARN_UNUSED_VARIABLE = YES;
				IPHONEOS_DEPLOYMENT_TARGET = 10.0;
				MTL_ENABLE_DEBUG_INFO = YES;
				ONLY_ACTIVE_ARCH = YES;
				SDKROOT = iphoneos;
				SWIFT_ACTIVE_COMPILATION_CONDITIONS = DEBUG;
				SWIFT_OPTIMIZATION_LEVEL = "-Onone";
			};
			name = Debug;
		};
		B4B70E8C1F0A211800174471 /* Release */ = {
			isa = XCBuildConfiguration;
			buildSettings = {
				ALWAYS_SEARCH_USER_PATHS = NO;
				CLANG_ANALYZER_NONNULL = YES;
				CLANG_ANALYZER_NUMBER_OBJECT_CONVERSION = YES_AGGRESSIVE;
				CLANG_CXX_LANGUAGE_STANDARD = "gnu++0x";
				CLANG_CXX_LIBRARY = "libc++";
				CLANG_ENABLE_MODULES = YES;
				CLANG_ENABLE_OBJC_ARC = YES;
				CLANG_WARN_BLOCK_CAPTURE_AUTORELEASING = YES;
				CLANG_WARN_BOOL_CONVERSION = YES;
				CLANG_WARN_COMMA = YES;
				CLANG_WARN_CONSTANT_CONVERSION = YES;
				CLANG_WARN_DEPRECATED_OBJC_IMPLEMENTATIONS = YES;
				CLANG_WARN_DIRECT_OBJC_ISA_USAGE = YES_ERROR;
				CLANG_WARN_DOCUMENTATION_COMMENTS = YES;
				CLANG_WARN_EMPTY_BODY = YES;
				CLANG_WARN_ENUM_CONVERSION = YES;
				CLANG_WARN_INFINITE_RECURSION = YES;
				CLANG_WARN_INT_CONVERSION = YES;
				CLANG_WARN_NON_LITERAL_NULL_CONVERSION = YES;
				CLANG_WARN_OBJC_IMPLICIT_RETAIN_SELF = YES;
				CLANG_WARN_OBJC_LITERAL_CONVERSION = YES;
				CLANG_WARN_OBJC_ROOT_CLASS = YES_ERROR;
				CLANG_WARN_RANGE_LOOP_ANALYSIS = YES;
				CLANG_WARN_STRICT_PROTOTYPES = YES;
				CLANG_WARN_SUSPICIOUS_MOVE = YES;
				CLANG_WARN_UNREACHABLE_CODE = YES;
				CLANG_WARN__DUPLICATE_METHOD_MATCH = YES;
				"CODE_SIGN_IDENTITY[sdk=iphoneos*]" = "iPhone Developer";
				COPY_PHASE_STRIP = NO;
				DEBUG_INFORMATION_FORMAT = "dwarf-with-dsym";
				ENABLE_NS_ASSERTIONS = NO;
				ENABLE_STRICT_OBJC_MSGSEND = YES;
				GCC_C_LANGUAGE_STANDARD = gnu99;
				GCC_NO_COMMON_BLOCKS = YES;
				GCC_WARN_64_TO_32_BIT_CONVERSION = YES;
				GCC_WARN_ABOUT_RETURN_TYPE = YES_ERROR;
				GCC_WARN_UNDECLARED_SELECTOR = YES;
				GCC_WARN_UNINITIALIZED_AUTOS = YES_AGGRESSIVE;
				GCC_WARN_UNUSED_FUNCTION = YES;
				GCC_WARN_UNUSED_VARIABLE = YES;
				IPHONEOS_DEPLOYMENT_TARGET = 10.0;
				MTL_ENABLE_DEBUG_INFO = NO;
				SDKROOT = iphoneos;
				SWIFT_OPTIMIZATION_LEVEL = "-Owholemodule";
				VALIDATE_PRODUCT = YES;
			};
			name = Release;
		};
		B4B70E8E1F0A211800174471 /* Debug */ = {
			isa = XCBuildConfiguration;
			baseConfigurationReference = A2C577CF4047CFE0F0EA4929 /* Pods-DUTInfomation.debug.xcconfig */;
			buildSettings = {
				ALWAYS_EMBED_SWIFT_STANDARD_LIBRARIES = YES;
				ASSETCATALOG_COMPILER_APPICON_NAME = AppIcon;
				CODE_SIGN_ENTITLEMENTS = DUTInfomation/DUTInfomation.entitlements;
				DEVELOPMENT_TEAM = R374EG3MSW;
				INFOPLIST_FILE = DUTInfomation/Info.plist;
				IPHONEOS_DEPLOYMENT_TARGET = 10.0;
				LD_RUNPATH_SEARCH_PATHS = "$(inherited) @executable_path/Frameworks";
				PRODUCT_BUNDLE_IDENTIFIER = space.shino.DUTInfomation;
				PRODUCT_NAME = "$(TARGET_NAME)";
				SWIFT_VERSION = 4.2;
				TARGETED_DEVICE_FAMILY = "1,2";
			};
			name = Debug;
		};
		B4B70E8F1F0A211800174471 /* Release */ = {
			isa = XCBuildConfiguration;
			baseConfigurationReference = 89DEC4F407A4E6B10D2EDF87 /* Pods-DUTInfomation.release.xcconfig */;
			buildSettings = {
				ALWAYS_EMBED_SWIFT_STANDARD_LIBRARIES = YES;
				ASSETCATALOG_COMPILER_APPICON_NAME = AppIcon;
				CODE_SIGN_ENTITLEMENTS = DUTInfomation/DUTInfomation.entitlements;
				DEVELOPMENT_TEAM = R374EG3MSW;
				INFOPLIST_FILE = DUTInfomation/Info.plist;
				IPHONEOS_DEPLOYMENT_TARGET = 10.0;
				LD_RUNPATH_SEARCH_PATHS = "$(inherited) @executable_path/Frameworks";
				PRODUCT_BUNDLE_IDENTIFIER = space.shino.DUTInfomation;
				PRODUCT_NAME = "$(TARGET_NAME)";
				SWIFT_VERSION = 4.2;
				TARGETED_DEVICE_FAMILY = "1,2";
			};
			name = Release;
		};
		B4BD1CEE20511BDB00C18ACB /* Debug */ = {
			isa = XCBuildConfiguration;
			baseConfigurationReference = CA7746FBA7E3092E8C3723D6 /* Pods-DUTInformationWatch Extension.debug.xcconfig */;
			buildSettings = {
				ASSETCATALOG_COMPILER_COMPLICATION_NAME = Complication;
				CLANG_CXX_LANGUAGE_STANDARD = "gnu++14";
				CLANG_WARN_UNGUARDED_AVAILABILITY = YES_AGGRESSIVE;
				CODE_SIGN_ENTITLEMENTS = "DUTInformationWatch Extension/DUTInformationWatch Extension.entitlements";
				CODE_SIGN_STYLE = Automatic;
				DEVELOPMENT_TEAM = R374EG3MSW;
				GCC_C_LANGUAGE_STANDARD = gnu11;
				INFOPLIST_FILE = "DUTInformationWatch Extension/Info.plist";
				LD_RUNPATH_SEARCH_PATHS = "$(inherited) @executable_path/Frameworks @executable_path/../../Frameworks";
				PRODUCT_BUNDLE_IDENTIFIER = space.shino.DUTInfomation.watchkitapp.watchkitextension;
				PRODUCT_NAME = "${TARGET_NAME}";
				SDKROOT = watchos;
				SKIP_INSTALL = YES;
				SWIFT_VERSION = 4.2;
				TARGETED_DEVICE_FAMILY = 4;
				WATCHOS_DEPLOYMENT_TARGET = 4.0;
			};
			name = Debug;
		};
		B4BD1CEF20511BDB00C18ACB /* Release */ = {
			isa = XCBuildConfiguration;
			baseConfigurationReference = B0EB9A587DBD00F51952CA11 /* Pods-DUTInformationWatch Extension.release.xcconfig */;
			buildSettings = {
				ASSETCATALOG_COMPILER_COMPLICATION_NAME = Complication;
				CLANG_CXX_LANGUAGE_STANDARD = "gnu++14";
				CLANG_WARN_UNGUARDED_AVAILABILITY = YES_AGGRESSIVE;
				CODE_SIGN_ENTITLEMENTS = "DUTInformationWatch Extension/DUTInformationWatch Extension.entitlements";
				CODE_SIGN_STYLE = Automatic;
				DEVELOPMENT_TEAM = R374EG3MSW;
				GCC_C_LANGUAGE_STANDARD = gnu11;
				INFOPLIST_FILE = "DUTInformationWatch Extension/Info.plist";
				LD_RUNPATH_SEARCH_PATHS = "$(inherited) @executable_path/Frameworks @executable_path/../../Frameworks";
				PRODUCT_BUNDLE_IDENTIFIER = space.shino.DUTInfomation.watchkitapp.watchkitextension;
				PRODUCT_NAME = "${TARGET_NAME}";
				SDKROOT = watchos;
				SKIP_INSTALL = YES;
				SWIFT_VERSION = 4.2;
				TARGETED_DEVICE_FAMILY = 4;
				WATCHOS_DEPLOYMENT_TARGET = 4.0;
			};
			name = Release;
		};
		B4BD1CF220511BDB00C18ACB /* Debug */ = {
			isa = XCBuildConfiguration;
			buildSettings = {
				ALWAYS_EMBED_SWIFT_STANDARD_LIBRARIES = YES;
				ASSETCATALOG_COMPILER_APPICON_NAME = AppIcon;
				CLANG_CXX_LANGUAGE_STANDARD = "gnu++14";
				CLANG_WARN_UNGUARDED_AVAILABILITY = YES_AGGRESSIVE;
				CODE_SIGN_STYLE = Automatic;
				DEVELOPMENT_TEAM = R374EG3MSW;
				GCC_C_LANGUAGE_STANDARD = gnu11;
				IBSC_MODULE = DUTInformationWatch_Extension;
				INFOPLIST_FILE = DUTInformationWatch/Info.plist;
				PRODUCT_BUNDLE_IDENTIFIER = space.shino.DUTInfomation.watchkitapp;
				PRODUCT_NAME = "$(TARGET_NAME)";
				SDKROOT = watchos;
				SKIP_INSTALL = YES;
				SWIFT_VERSION = 4.2;
				TARGETED_DEVICE_FAMILY = 4;
				WATCHOS_DEPLOYMENT_TARGET = 4.0;
			};
			name = Debug;
		};
		B4BD1CF320511BDB00C18ACB /* Release */ = {
			isa = XCBuildConfiguration;
			buildSettings = {
				ALWAYS_EMBED_SWIFT_STANDARD_LIBRARIES = YES;
				ASSETCATALOG_COMPILER_APPICON_NAME = AppIcon;
				CLANG_CXX_LANGUAGE_STANDARD = "gnu++14";
				CLANG_WARN_UNGUARDED_AVAILABILITY = YES_AGGRESSIVE;
				CODE_SIGN_STYLE = Automatic;
				DEVELOPMENT_TEAM = R374EG3MSW;
				GCC_C_LANGUAGE_STANDARD = gnu11;
				IBSC_MODULE = DUTInformationWatch_Extension;
				INFOPLIST_FILE = DUTInformationWatch/Info.plist;
				PRODUCT_BUNDLE_IDENTIFIER = space.shino.DUTInfomation.watchkitapp;
				PRODUCT_NAME = "$(TARGET_NAME)";
				SDKROOT = watchos;
				SKIP_INSTALL = YES;
				SWIFT_VERSION = 4.2;
				TARGETED_DEVICE_FAMILY = 4;
				WATCHOS_DEPLOYMENT_TARGET = 4.0;
			};
			name = Release;
		};
		B4CB3FE61F1209FE0059591C /* Debug */ = {
			isa = XCBuildConfiguration;
			baseConfigurationReference = B4FE35203A1536D7B2548853 /* Pods-DUTInformationToday.debug.xcconfig */;
			buildSettings = {
				CODE_SIGN_ENTITLEMENTS = DUTInformationToday/DUTInformationToday.entitlements;
				DEVELOPMENT_TEAM = R374EG3MSW;
				INFOPLIST_FILE = DUTInformationToday/Info.plist;
				IPHONEOS_DEPLOYMENT_TARGET = 10.0;
				LD_RUNPATH_SEARCH_PATHS = "$(inherited) @executable_path/Frameworks @executable_path/../../Frameworks";
				PRODUCT_BUNDLE_IDENTIFIER = space.shino.DUTInfomation.DUTInformationToday;
				PRODUCT_NAME = "$(TARGET_NAME)";
				SKIP_INSTALL = YES;
				SWIFT_VERSION = 4.2;
				TARGETED_DEVICE_FAMILY = 1;
			};
			name = Debug;
		};
		B4CB3FE71F1209FE0059591C /* Release */ = {
			isa = XCBuildConfiguration;
			baseConfigurationReference = 2A48F5445B25D03E41EEE238 /* Pods-DUTInformationToday.release.xcconfig */;
			buildSettings = {
				CODE_SIGN_ENTITLEMENTS = DUTInformationToday/DUTInformationToday.entitlements;
				DEVELOPMENT_TEAM = R374EG3MSW;
				INFOPLIST_FILE = DUTInformationToday/Info.plist;
				IPHONEOS_DEPLOYMENT_TARGET = 10.0;
				LD_RUNPATH_SEARCH_PATHS = "$(inherited) @executable_path/Frameworks @executable_path/../../Frameworks";
				PRODUCT_BUNDLE_IDENTIFIER = space.shino.DUTInfomation.DUTInformationToday;
				PRODUCT_NAME = "$(TARGET_NAME)";
				SKIP_INSTALL = YES;
				SWIFT_VERSION = 4.2;
				TARGETED_DEVICE_FAMILY = 1;
			};
			name = Release;
		};
/* End XCBuildConfiguration section */

/* Begin XCConfigurationList section */
		B4B70E761F0A211800174471 /* Build configuration list for PBXProject "DUTInfomation" */ = {
			isa = XCConfigurationList;
			buildConfigurations = (
				B4B70E8B1F0A211800174471 /* Debug */,
				B4B70E8C1F0A211800174471 /* Release */,
			);
			defaultConfigurationIsVisible = 0;
			defaultConfigurationName = Release;
		};
		B4B70E8D1F0A211800174471 /* Build configuration list for PBXNativeTarget "DUTInfomation" */ = {
			isa = XCConfigurationList;
			buildConfigurations = (
				B4B70E8E1F0A211800174471 /* Debug */,
				B4B70E8F1F0A211800174471 /* Release */,
			);
			defaultConfigurationIsVisible = 0;
			defaultConfigurationName = Release;
		};
		B4BD1CED20511BDB00C18ACB /* Build configuration list for PBXNativeTarget "DUTInformationWatch Extension" */ = {
			isa = XCConfigurationList;
			buildConfigurations = (
				B4BD1CEE20511BDB00C18ACB /* Debug */,
				B4BD1CEF20511BDB00C18ACB /* Release */,
			);
			defaultConfigurationIsVisible = 0;
			defaultConfigurationName = Release;
		};
		B4BD1CF120511BDB00C18ACB /* Build configuration list for PBXNativeTarget "DUTInformationWatch" */ = {
			isa = XCConfigurationList;
			buildConfigurations = (
				B4BD1CF220511BDB00C18ACB /* Debug */,
				B4BD1CF320511BDB00C18ACB /* Release */,
			);
			defaultConfigurationIsVisible = 0;
			defaultConfigurationName = Release;
		};
		B4CB3FE81F1209FE0059591C /* Build configuration list for PBXNativeTarget "DUTInformationToday" */ = {
			isa = XCConfigurationList;
			buildConfigurations = (
				B4CB3FE61F1209FE0059591C /* Debug */,
				B4CB3FE71F1209FE0059591C /* Release */,
			);
			defaultConfigurationIsVisible = 0;
			defaultConfigurationName = Release;
		};
/* End XCConfigurationList section */

/* Begin XCVersionGroup section */
		B48B0318207384D700215BB0 /* Course.xcdatamodeld */ = {
			isa = XCVersionGroup;
			children = (
				B48B0319207384D700215BB0 /* Course.xcdatamodel */,
			);
			currentVersion = B48B0319207384D700215BB0 /* Course.xcdatamodel */;
			path = Course.xcdatamodeld;
			sourceTree = "<group>";
			versionGroupType = wrapper.xcdatamodel;
		};
/* End XCVersionGroup section */
	};
	rootObject = B4B70E731F0A211800174471 /* Project object */;
}
